
Microsoft Visual Studio Solution File, Format Version 12.00
# Visual Studio Version 16
VisualStudioVersion = 16.0.32002.261
MinimumVisualStudioVersion = 10.0.40219.1
Project("{FAE04EC0-301F-11D3-BF4B-00C04F79EFBC}") = "PeselValidation.Android", "PeselValidation.Android\PeselValidation.Android.csproj", "{134150E8-8853-407F-BF3F-173D552DF3AF}"
EndProject
Project("{FAE04EC0-301F-11D3-BF4B-00C04F79EFBC}") = "PeselValidation", "PeselValidation\PeselValidation.csproj", "{7D792361-0C44-4F57-BD49-0C97EF437A0B}"
EndProject
Global
	GlobalSection(SolutionConfigurationPlatforms) = preSolution
		Debug|Any CPU = Debug|Any CPU
		Release|Any CPU = Release|Any CPU
	EndGlobalSection
	GlobalSection(ProjectConfigurationPlatforms) = postSolution
		{134150E8-8853-407F-BF3F-173D552DF3AF}.Debug|Any CPU.ActiveCfg = Debug|Any CPU
		{134150E8-8853-407F-BF3F-173D552DF3AF}.Debug|Any CPU.Build.0 = Debug|Any CPU
		{134150E8-8853-407F-BF3F-173D552DF3AF}.Debug|Any CPU.Deploy.0 = Debug|Any CPU
		{134150E8-8853-407F-BF3F-173D552DF3AF}.Release|Any CPU.ActiveCfg = Release|Any CPU
		{134150E8-8853-407F-BF3F-173D552DF3AF}.Release|Any CPU.Build.0 = Release|Any CPU
		{134150E8-8853-407F-BF3F-173D552DF3AF}.Release|Any CPU.Deploy.0 = Release|Any CPU
		{7D792361-0C44-4F57-BD49-0C97EF437A0B}.Debug|Any CPU.ActiveCfg = Debug|Any CPU
		{7D792361-0C44-4F57-BD49-0C97EF437A0B}.Debug|Any CPU.Build.0 = Debug|Any CPU
		{7D792361-0C44-4F57-BD49-0C97EF437A0B}.Release|Any CPU.ActiveCfg = Release|Any CPU
		{7D792361-0C44-4F57-BD49-0C97EF437A0B}.Release|Any CPU.Build.0 = Release|Any CPU
	EndGlobalSection
	GlobalSection(SolutionProperties) = preSolution
		HideSolutionNode = FALSE
	EndGlobalSection
	GlobalSection(ExtensibilityGlobals) = postSolution
		SolutionGuid = {A1663F62-3AB1-42F5-8112-44607614F074}
	EndGlobalSection
EndGlobal
